
Microsoft Visual Studio Solution File, Format Version 12.00
# Visual Studio Version 16
VisualStudioVersion = 16.0.32002.261
MinimumVisualStudioVersion = 10.0.40219.1
Project("{9A19103F-16F7-4668-BE54-9A1E7A4F7556}") = "SurveyApp", "SurveyApp.csproj", "{C17EE3CC-CC75-4BF5-B370-516D93F1ACF9}"
EndProject
Global
	GlobalSection(SolutionConfigurationPlatforms) = preSolution
		Debug|Any CPU = Debug|Any CPU
		Release|Any CPU = Release|Any CPU
	EndGlobalSection
	GlobalSection(ProjectConfigurationPlatforms) = postSolution
		{C17EE3CC-CC75-4BF5-B370-516D93F1ACF9}.Debug|Any CPU.ActiveCfg = Debug|Any CPU
		{C17EE3CC-CC75-4BF5-B370-516D93F1ACF9}.Debug|Any CPU.Build.0 = Debug|Any CPU
		{C17EE3CC-CC75-4BF5-B370-516D93F1ACF9}.Release|Any CPU.ActiveCfg = Release|Any CPU
		{C17EE3CC-CC75-4BF5-B370-516D93F1ACF9}.Release|Any CPU.Build.0 = Release|Any CPU
	EndGlobalSection
	GlobalSection(SolutionProperties) = preSolution
		HideSolutionNode = FALSE
	EndGlobalSection
	GlobalSection(ExtensibilityGlobals) = postSolution
		SolutionGuid = {91F3478A-681F-405A-9D25-52AD3BB4D293}
	EndGlobalSection
EndGlobal
